// !$*UTF8*$!
{
	archiveVersion = 1;
	classes = {
	};
	objectVersion = 50;
	objects = {

/* Begin PBXBuildFile section */
		5FCA34B6241EC00D00D2DCE6 /* LabsViewController.swift in Sources */ = {isa = PBXBuildFile; fileRef = 5FCA34B5241EC00D00D2DCE6 /* LabsViewController.swift */; };
		5FCA34B8241EC01C00D2DCE6 /* TasksViewController.swift in Sources */ = {isa = PBXBuildFile; fileRef = 5FCA34B7241EC01C00D2DCE6 /* TasksViewController.swift */; };
		5FCA34BD241EC7E900D2DCE6 /* Extensions.swift in Sources */ = {isa = PBXBuildFile; fileRef = 5FCA34BC241EC7E900D2DCE6 /* Extensions.swift */; };
		5FCA34C1241EC82E00D2DCE6 /* Lab1Task1ViewController.swift in Sources */ = {isa = PBXBuildFile; fileRef = 5FCA34C0241EC82E00D2DCE6 /* Lab1Task1ViewController.swift */; };
		DD3C7676241EBCFD00D5E590 /* AppDelegate.swift in Sources */ = {isa = PBXBuildFile; fileRef = DD3C7675241EBCFD00D5E590 /* AppDelegate.swift */; };
		DD3C767D241EBCFD00D5E590 /* Main.storyboard in Resources */ = {isa = PBXBuildFile; fileRef = DD3C767B241EBCFD00D5E590 /* Main.storyboard */; };
		DD3C767F241EBCFF00D5E590 /* Assets.xcassets in Resources */ = {isa = PBXBuildFile; fileRef = DD3C767E241EBCFF00D5E590 /* Assets.xcassets */; };
		DD3C7682241EBCFF00D5E590 /* LaunchScreen.storyboard in Resources */ = {isa = PBXBuildFile; fileRef = DD3C7680241EBCFF00D5E590 /* LaunchScreen.storyboard */; };
/* End PBXBuildFile section */

/* Begin PBXFileReference section */
		5FCA34B5241EC00D00D2DCE6 /* LabsViewController.swift */ = {isa = PBXFileReference; lastKnownFileType = sourcecode.swift; path = LabsViewController.swift; sourceTree = "<group>"; };
		5FCA34B7241EC01C00D2DCE6 /* TasksViewController.swift */ = {isa = PBXFileReference; lastKnownFileType = sourcecode.swift; path = TasksViewController.swift; sourceTree = "<group>"; };
		5FCA34BC241EC7E900D2DCE6 /* Extensions.swift */ = {isa = PBXFileReference; lastKnownFileType = sourcecode.swift; path = Extensions.swift; sourceTree = "<group>"; };
		5FCA34C0241EC82E00D2DCE6 /* Lab1Task1ViewController.swift */ = {isa = PBXFileReference; lastKnownFileType = sourcecode.swift; path = Lab1Task1ViewController.swift; sourceTree = "<group>"; };
		DD3C7672241EBCFD00D5E590 /* StriletskiyAMO.app */ = {isa = PBXFileReference; explicitFileType = wrapper.application; includeInIndex = 0; path = StriletskiyAMO.app; sourceTree = BUILT_PRODUCTS_DIR; };
		DD3C7675241EBCFD00D5E590 /* AppDelegate.swift */ = {isa = PBXFileReference; lastKnownFileType = sourcecode.swift; path = AppDelegate.swift; sourceTree = "<group>"; };
		DD3C767C241EBCFD00D5E590 /* Base */ = {isa = PBXFileReference; lastKnownFileType = file.storyboard; name = Base; path = Base.lproj/Main.storyboard; sourceTree = "<group>"; };
		DD3C767E241EBCFF00D5E590 /* Assets.xcassets */ = {isa = PBXFileReference; lastKnownFileType = folder.assetcatalog; path = Assets.xcassets; sourceTree = "<group>"; };
		DD3C7681241EBCFF00D5E590 /* Base */ = {isa = PBXFileReference; lastKnownFileType = file.storyboard; name = Base; path = Base.lproj/LaunchScreen.storyboard; sourceTree = "<group>"; };
		DD3C7683241EBCFF00D5E590 /* Info.plist */ = {isa = PBXFileReference; lastKnownFileType = text.plist.xml; path = Info.plist; sourceTree = "<group>"; };
/* End PBXFileReference section */

/* Begin PBXFrameworksBuildPhase section */
		DD3C766F241EBCFD00D5E590 /* Frameworks */ = {
			isa = PBXFrameworksBuildPhase;
			buildActionMask = 2147483647;
			files = (
			);
			runOnlyForDeploymentPostprocessing = 0;
		};
/* End PBXFrameworksBuildPhase section */

/* Begin PBXGroup section */
		5FCA34B9241EC51500D2DCE6 /* MainViewControllers */ = {
			isa = PBXGroup;
			children = (
				5FCA34B5241EC00D00D2DCE6 /* LabsViewController.swift */,
				5FCA34B7241EC01C00D2DCE6 /* TasksViewController.swift */,
			);
			path = MainViewControllers;
			sourceTree = "<group>";
		};
		5FCA34BA241EC52E00D2DCE6 /* Lab1 */ = {
			isa = PBXGroup;
			children = (
				5FCA34C0241EC82E00D2DCE6 /* Lab1Task1ViewController.swift */,
			);
			path = Lab1;
			sourceTree = "<group>";
		};
		5FCA34BB241EC55000D2DCE6 /* Resources */ = {
			isa = PBXGroup;
			children = (
				DD3C767E241EBCFF00D5E590 /* Assets.xcassets */,
				DD3C7680241EBCFF00D5E590 /* LaunchScreen.storyboard */,
				5FCA34BC241EC7E900D2DCE6 /* Extensions.swift */,
			);
			path = Resources;
			sourceTree = "<group>";
		};
		DD3C7669241EBCFD00D5E590 = {
			isa = PBXGroup;
			children = (
				DD3C7674241EBCFD00D5E590 /* StriletskiyAMO */,
				DD3C7673241EBCFD00D5E590 /* Products */,
			);
			sourceTree = "<group>";
		};
		DD3C7673241EBCFD00D5E590 /* Products */ = {
			isa = PBXGroup;
			children = (
				DD3C7672241EBCFD00D5E590 /* StriletskiyAMO.app */,
			);
			name = Products;
			sourceTree = "<group>";
		};
		DD3C7674241EBCFD00D5E590 /* StriletskiyAMO */ = {
			isa = PBXGroup;
			children = (
				DD3C7675241EBCFD00D5E590 /* AppDelegate.swift */,
				5FCA34B9241EC51500D2DCE6 /* MainViewControllers */,
				5FCA34BA241EC52E00D2DCE6 /* Lab1 */,
				DD3C767B241EBCFD00D5E590 /* Main.storyboard */,
				DD3C7683241EBCFF00D5E590 /* Info.plist */,
				5FCA34BB241EC55000D2DCE6 /* Resources */,
			);
			path = StriletskiyAMO;
			sourceTree = "<group>";
		};
/* End PBXGroup section */

/* Begin PBXNativeTarget section */
		DD3C7671241EBCFD00D5E590 /* StriletskiyAMO */ = {
			isa = PBXNativeTarget;
			buildConfigurationList = DD3C7686241EBCFF00D5E590 /* Build configuration list for PBXNativeTarget "StriletskiyAMO" */;
			buildPhases = (
				DD3C766E241EBCFD00D5E590 /* Sources */,
				DD3C766F241EBCFD00D5E590 /* Frameworks */,
				DD3C7670241EBCFD00D5E590 /* Resources */,
			);
			buildRules = (
			);
			dependencies = (
			);
			name = StriletskiyAMO;
			productName = StriletskiyAMO;
			productReference = DD3C7672241EBCFD00D5E590 /* StriletskiyAMO.app */;
			productType = "com.apple.product-type.application";
		};
/* End PBXNativeTarget section */

/* Begin PBXProject section */
		DD3C766A241EBCFD00D5E590 /* Project object */ = {
			isa = PBXProject;
			attributes = {
				LastSwiftUpdateCheck = 1130;
				LastUpgradeCheck = 1130;
				ORGANIZATIONNAME = com.Vadim;
				TargetAttributes = {
					DD3C7671241EBCFD00D5E590 = {
						CreatedOnToolsVersion = 11.3.1;
					};
				};
			};
			buildConfigurationList = DD3C766D241EBCFD00D5E590 /* Build configuration list for PBXProject "StriletskiyAMO" */;
			compatibilityVersion = "Xcode 9.3";
			developmentRegion = en;
			hasScannedForEncodings = 0;
			knownRegions = (
				en,
				Base,
			);
			mainGroup = DD3C7669241EBCFD00D5E590;
			productRefGroup = DD3C7673241EBCFD00D5E590 /* Products */;
			projectDirPath = "";
			projectRoot = "";
			targets = (
				DD3C7671241EBCFD00D5E590 /* StriletskiyAMO */,
			);
		};
/* End PBXProject section */

/* Begin PBXResourcesBuildPhase section */
		DD3C7670241EBCFD00D5E590 /* Resources */ = {
			isa = PBXResourcesBuildPhase;
			buildActionMask = 2147483647;
			files = (
				DD3C7682241EBCFF00D5E590 /* LaunchScreen.storyboard in Resources */,
				DD3C767F241EBCFF00D5E590 /* Assets.xcassets in Resources */,
				DD3C767D241EBCFD00D5E590 /* Main.storyboard in Resources */,
			);
			runOnlyForDeploymentPostprocessing = 0;
		};
/* End PBXResourcesBuildPhase section */

/* Begin PBXSourcesBuildPhase section */
		DD3C766E241EBCFD00D5E590 /* Sources */ = {
			isa = PBXSourcesBuildPhase;
			buildActionMask = 2147483647;
			files = (
				5FCA34C1241EC82E00D2DCE6 /* Lab1Task1ViewController.swift in Sources */,
				5FCA34B6241EC00D00D2DCE6 /* LabsViewController.swift in Sources */,
				5FCA34B8241EC01C00D2DCE6 /* TasksViewController.swift in Sources */,
				DD3C7676241EBCFD00D5E590 /* AppDelegate.swift in Sources */,
				5FCA34BD241EC7E900D2DCE6 /* Extensions.swift in Sources */,
			);
			runOnlyForDeploymentPostprocessing = 0;
		};
/* End PBXSourcesBuildPhase section */

/* Begin PBXVariantGroup section */
		DD3C767B241EBCFD00D5E590 /* Main.storyboard */ = {
			isa = PBXVariantGroup;
			children = (
				DD3C767C241EBCFD00D5E590 /* Base */,
			);
			name = Main.storyboard;
			sourceTree = "<group>";
		};
		DD3C7680241EBCFF00D5E590 /* LaunchScreen.storyboard */ = {
			isa = PBXVariantGroup;
			children = (
				DD3C7681241EBCFF00D5E590 /* Base */,
			);
			name = LaunchScreen.storyboard;
			sourceTree = "<group>";
		};
/* End PBXVariantGroup section */

/* Begin XCBuildConfiguration section */
		DD3C7684241EBCFF00D5E590 /* Debug */ = {
			isa = XCBuildConfiguration;
			buildSettings = {
				ALWAYS_SEARCH_USER_PATHS = NO;
				CLANG_ANALYZER_NONNULL = YES;
				CLANG_ANALYZER_NUMBER_OBJECT_CONVERSION = YES_AGGRESSIVE;
				CLANG_CXX_LANGUAGE_STANDARD = "gnu++14";
				CLANG_CXX_LIBRARY = "libc++";
				CLANG_ENABLE_MODULES = YES;
				CLANG_ENABLE_OBJC_ARC = YES;
				CLANG_ENABLE_OBJC_WEAK = YES;
				CLANG_WARN_BLOCK_CAPTURE_AUTORELEASING = YES;
				CLANG_WARN_BOOL_CONVERSION = YES;
				CLANG_WARN_COMMA = YES;
				CLANG_WARN_CONSTANT_CONVERSION = YES;
				CLANG_WARN_DEPRECATED_OBJC_IMPLEMENTATIONS = YES;
				CLANG_WARN_DIRECT_OBJC_ISA_USAGE = YES_ERROR;
				CLANG_WARN_DOCUMENTATION_COMMENTS = YES;
				CLANG_WARN_EMPTY_BODY = YES;
				CLANG_WARN_ENUM_CONVERSION = YES;
				CLANG_WARN_INFINITE_RECURSION = YES;
				CLANG_WARN_INT_CONVERSION = YES;
				CLANG_WARN_NON_LITERAL_NULL_CONVERSION = YES;
				CLANG_WARN_OBJC_IMPLICIT_RETAIN_SELF = YES;
				CLANG_WARN_OBJC_LITERAL_CONVERSION = YES;
				CLANG_WARN_OBJC_ROOT_CLASS = YES_ERROR;
				CLANG_WARN_RANGE_LOOP_ANALYSIS = YES;
				CLANG_WARN_STRICT_PROTOTYPES = YES;
				CLANG_WARN_SUSPICIOUS_MOVE = YES;
				CLANG_WARN_UNGUARDED_AVAILABILITY = YES_AGGRESSIVE;
				CLANG_WARN_UNREACHABLE_CODE = YES;
				CLANG_WARN__DUPLICATE_METHOD_MATCH = YES;
				COPY_PHASE_STRIP = NO;
				DEBUG_INFORMATION_FORMAT = dwarf;
				ENABLE_STRICT_OBJC_MSGSEND = YES;
				ENABLE_TESTABILITY = YES;
				GCC_C_LANGUAGE_STANDARD = gnu11;
				GCC_DYNAMIC_NO_PIC = NO;
				GCC_NO_COMMON_BLOCKS = YES;
				GCC_OPTIMIZATION_LEVEL = 0;
				GCC_PREPROCESSOR_DEFINITIONS = (
					"DEBUG=1",
					"$(inherited)",
				);
				GCC_WARN_64_TO_32_BIT_CONVERSION = YES;
				GCC_WARN_ABOUT_RETURN_TYPE = YES_ERROR;
				GCC_WARN_UNDECLARED_SELECTOR = YES;
				GCC_WARN_UNINITIALIZED_AUTOS = YES_AGGRESSIVE;
				GCC_WARN_UNUSED_FUNCTION = YES;
				GCC_WARN_UNUSED_VARIABLE = YES;
				IPHONEOS_DEPLOYMENT_TARGET = 13.2;
				MTL_ENABLE_DEBUG_INFO = INCLUDE_SOURCE;
				MTL_FAST_MATH = YES;
				ONLY_ACTIVE_ARCH = YES;
				SDKROOT = iphoneos;
				SWIFT_ACTIVE_COMPILATION_CONDITIONS = DEBUG;
				SWIFT_OPTIMIZATION_LEVEL = "-Onone";
			};
			name = Debug;
		};
		DD3C7685241EBCFF00D5E590 /* Release */ = {
			isa = XCBuildConfiguration;
			buildSettings = {
				ALWAYS_SEARCH_USER_PATHS = NO;
				CLANG_ANALYZER_NONNULL = YES;
				CLANG_ANALYZER_NUMBER_OBJECT_CONVERSION = YES_AGGRESSIVE;
				CLANG_CXX_LANGUAGE_STANDARD = "gnu++14";
				CLANG_CXX_LIBRARY = "libc++";
				CLANG_ENABLE_MODULES = YES;
				CLANG_ENABLE_OBJC_ARC = YES;
				CLANG_ENABLE_OBJC_WEAK = YES;
				CLANG_WARN_BLOCK_CAPTURE_AUTORELEASING = YES;
				CLANG_WARN_BOOL_CONVERSION = YES;
				CLANG_WARN_COMMA = YES;
				CLANG_WARN_CONSTANT_CONVERSION = YES;
				CLANG_WARN_DEPRECATED_OBJC_IMPLEMENTATIONS = YES;
				CLANG_WARN_DIRECT_OBJC_ISA_USAGE = YES_ERROR;
				CLANG_WARN_DOCUMENTATION_COMMENTS = YES;
				CLANG_WARN_EMPTY_BODY = YES;
				CLANG_WARN_ENUM_CONVERSION = YES;
				CLANG_WARN_INFINITE_RECURSION = YES;
				CLANG_WARN_INT_CONVERSION = YES;
				CLANG_WARN_NON_LITERAL_NULL_CONVERSION = YES;
				CLANG_WARN_OBJC_IMPLICIT_RETAIN_SELF = YES;
				CLANG_WARN_OBJC_LITERAL_CONVERSION = YES;
				CLANG_WARN_OBJC_ROOT_CLASS = YES_ERROR;
				CLANG_WARN_RANGE_LOOP_ANALYSIS = YES;
				CLANG_WARN_STRICT_PROTOTYPES = YES;
				CLANG_WARN_SUSPICIOUS_MOVE = YES;
				CLANG_WARN_UNGUARDED_AVAILABILITY = YES_AGGRESSIVE;
				CLANG_WARN_UNREACHABLE_CODE = YES;
				CLANG_WARN__DUPLICATE_METHOD_MATCH = YES;
				COPY_PHASE_STRIP = NO;
				DEBUG_INFORMATION_FORMAT = "dwarf-with-dsym";
				ENABLE_NS_ASSERTIONS = NO;
				ENABLE_STRICT_OBJC_MSGSEND = YES;
				GCC_C_LANGUAGE_STANDARD = gnu11;
				GCC_NO_COMMON_BLOCKS = YES;
				GCC_WARN_64_TO_32_BIT_CONVERSION = YES;
				GCC_WARN_ABOUT_RETURN_TYPE = YES_ERROR;
				GCC_WARN_UNDECLARED_SELECTOR = YES;
				GCC_WARN_UNINITIALIZED_AUTOS = YES_AGGRESSIVE;
				GCC_WARN_UNUSED_FUNCTION = YES;
				GCC_WARN_UNUSED_VARIABLE = YES;
				IPHONEOS_DEPLOYMENT_TARGET = 13.2;
				MTL_ENABLE_DEBUG_INFO = NO;
				MTL_FAST_MATH = YES;
				SDKROOT = iphoneos;
				SWIFT_COMPILATION_MODE = wholemodule;
				SWIFT_OPTIMIZATION_LEVEL = "-O";
				VALIDATE_PRODUCT = YES;
			};
			name = Release;
		};
		DD3C7687241EBCFF00D5E590 /* Debug */ = {
			isa = XCBuildConfiguration;
			buildSettings = {
				ASSETCATALOG_COMPILER_APPICON_NAME = AppIcon;
				CODE_SIGN_STYLE = Automatic;
				DEVELOPMENT_TEAM = M92VXVU7J9;
				INFOPLIST_FILE = StriletskiyAMO/Info.plist;
				LD_RUNPATH_SEARCH_PATHS = (
					"$(inherited)",
					"@executable_path/Frameworks",
				);
				PRODUCT_BUNDLE_IDENTIFIER = com.Vadim.StriletskiyAMO;
				PRODUCT_NAME = "$(TARGET_NAME)";
				SWIFT_VERSION = 5.0;
				TARGETED_DEVICE_FAMILY = "1,2";
			};
			name = Debug;
		};
		DD3C7688241EBCFF00D5E590 /* Release */ = {
			isa = XCBuildConfiguration;
			buildSettings = {
				ASSETCATALOG_COMPILER_APPICON_NAME = AppIcon;
				CODE_SIGN_STYLE = Automatic;
				DEVELOPMENT_TEAM = M92VXVU7J9;
				INFOPLIST_FILE = StriletskiyAMO/Info.plist;
				LD_RUNPATH_SEARCH_PATHS = (
					"$(inherited)",
					"@executable_path/Frameworks",
				);
				PRODUCT_BUNDLE_IDENTIFIER = com.Vadim.StriletskiyAMO;
				PRODUCT_NAME = "$(TARGET_NAME)";
				SWIFT_VERSION = 5.0;
				TARGETED_DEVICE_FAMILY = "1,2";
			};
			name = Release;
		};
/* End XCBuildConfiguration section */

/* Begin XCConfigurationList section */
		DD3C766D241EBCFD00D5E590 /* Build configuration list for PBXProject "StriletskiyAMO" */ = {
			isa = XCConfigurationList;
			buildConfigurations = (
				DD3C7684241EBCFF00D5E590 /* Debug */,
				DD3C7685241EBCFF00D5E590 /* Release */,
			);
			defaultConfigurationIsVisible = 0;
			defaultConfigurationName = Release;
		};
		DD3C7686241EBCFF00D5E590 /* Build configuration list for PBXNativeTarget "StriletskiyAMO" */ = {
			isa = XCConfigurationList;
			buildConfigurations = (
				DD3C7687241EBCFF00D5E590 /* Debug */,
				DD3C7688241EBCFF00D5E590 /* Release */,
			);
			defaultConfigurationIsVisible = 0;
			defaultConfigurationName = Release;
		};
/* End XCConfigurationList section */
	};
	rootObject = DD3C766A241EBCFD00D5E590 /* Project object */;
}
